
Microsoft Visual Studio Solution File, Format Version 12.00
# Visual Studio 15
VisualStudioVersion = 15.0.26730.12
MinimumVisualStudioVersion = 10.0.40219.1
Project("{FAE04EC0-301F-11D3-BF4B-00C04F79EFBC}") = "Астероиды", "Астероиды\Астероиды.csproj", "{06192DF7-847E-4D20-A299-8E493F22D625}"
EndProject
Global
	GlobalSection(SolutionConfigurationPlatforms) = preSolution
		Debug|Any CPU = Debug|Any CPU
		Release|Any CPU = Release|Any CPU
	EndGlobalSection
	GlobalSection(ProjectConfigurationPlatforms) = postSolution
		{06192DF7-847E-4D20-A299-8E493F22D625}.Debug|Any CPU.ActiveCfg = Debug|Any CPU
		{06192DF7-847E-4D20-A299-8E493F22D625}.Debug|Any CPU.Build.0 = Debug|Any CPU
		{06192DF7-847E-4D20-A299-8E493F22D625}.Release|Any CPU.ActiveCfg = Release|Any CPU
		{06192DF7-847E-4D20-A299-8E493F22D625}.Release|Any CPU.Build.0 = Release|Any CPU
	EndGlobalSection
	GlobalSection(SolutionProperties) = preSolution
		HideSolutionNode = FALSE
	EndGlobalSection
	GlobalSection(ExtensibilityGlobals) = postSolution
		SolutionGuid = {5FD68C24-F46B-4C12-B8CF-8989F28000D5}
	EndGlobalSection
EndGlobal
